// !$*UTF8*$!
{
	archiveVersion = 1;
	classes = {
	};
	objectVersion = 50;
	objects = {

/* Begin PBXBuildFile section */
		70F4B681E07A0F998D7476D6 /* Pods_SecureManager.framework in Frameworks */ = {isa = PBXBuildFile; fileRef = 100B124704A0C02BA8E02DFE /* Pods_SecureManager.framework */; };
		764C8DB5B263A346CA660435 /* Pods_SecureManagerUITests.framework in Frameworks */ = {isa = PBXBuildFile; fileRef = 691C11203D6ABEC1ED188CDC /* Pods_SecureManagerUITests.framework */; };
		B59535F02E42E48698290D4A /* Pods_SecureManagerTests.framework in Frameworks */ = {isa = PBXBuildFile; fileRef = BCA37835597D3B77AB75BA9D /* Pods_SecureManagerTests.framework */; };
		DF267DF3216403DF00F15137 /* MenuTableViewCell.swift in Sources */ = {isa = PBXBuildFile; fileRef = DF267DF2216403DF00F15137 /* MenuTableViewCell.swift */; };
		DF3686EA216010D80061456A /* AppDelegate.swift in Sources */ = {isa = PBXBuildFile; fileRef = DF3686E9216010D80061456A /* AppDelegate.swift */; };
		DF3686F3216010D80061456A /* Main.storyboard in Resources */ = {isa = PBXBuildFile; fileRef = DF3686F1216010D80061456A /* Main.storyboard */; };
		DF3686F5216010DA0061456A /* Assets.xcassets in Resources */ = {isa = PBXBuildFile; fileRef = DF3686F4216010DA0061456A /* Assets.xcassets */; };
		DF3686F8216010DA0061456A /* LaunchScreen.storyboard in Resources */ = {isa = PBXBuildFile; fileRef = DF3686F6216010DA0061456A /* LaunchScreen.storyboard */; };
		DF368703216010DA0061456A /* SecureManagerTests.swift in Sources */ = {isa = PBXBuildFile; fileRef = DF368702216010DA0061456A /* SecureManagerTests.swift */; };
		DF36870E216010DA0061456A /* SecureManagerUITests.swift in Sources */ = {isa = PBXBuildFile; fileRef = DF36870D216010DA0061456A /* SecureManagerUITests.swift */; };
		DF7604C42167DB6500F8A5BA /* MonitorMapViewController.swift in Sources */ = {isa = PBXBuildFile; fileRef = DF7604C32167DB6500F8A5BA /* MonitorMapViewController.swift */; };
		DF7604C8216974BE00F8A5BA /* MonitorAgentsViewController.swift in Sources */ = {isa = PBXBuildFile; fileRef = DF7604C7216974BE00F8A5BA /* MonitorAgentsViewController.swift */; };
		DF7604CC216A5BC600F8A5BA /* Agent.swift in Sources */ = {isa = PBXBuildFile; fileRef = DF7604CB216A5BC600F8A5BA /* Agent.swift */; };
		DF7604CE216A60D500F8A5BA /* LatLng.swift in Sources */ = {isa = PBXBuildFile; fileRef = DF7604CD216A60D500F8A5BA /* LatLng.swift */; };
		DF7604D0216A627A00F8A5BA /* State.swift in Sources */ = {isa = PBXBuildFile; fileRef = DF7604CF216A627A00F8A5BA /* State.swift */; };
		DF7604D2216AB49F00F8A5BA /* Agents.swift in Sources */ = {isa = PBXBuildFile; fileRef = DF7604D1216AB49F00F8A5BA /* Agents.swift */; };
		DF7604D6216AE73F00F8A5BA /* AgentDetailsTableViewCells.swift in Sources */ = {isa = PBXBuildFile; fileRef = DF7604D5216AE73F00F8A5BA /* AgentDetailsTableViewCells.swift */; };
		DF7604DA216AE7CB00F8A5BA /* AgentMediaCollectionViewCell.swift in Sources */ = {isa = PBXBuildFile; fileRef = DF7604D9216AE7CB00F8A5BA /* AgentMediaCollectionViewCell.swift */; };
		DF7604DE216AF69C00F8A5BA /* AgentMediaTableViewCell.swift in Sources */ = {isa = PBXBuildFile; fileRef = DF7604DD216AF69C00F8A5BA /* AgentMediaTableViewCell.swift */; };
		DF779EB1216342FC00A5D1AD /* AgentDrawerViewController.swift in Sources */ = {isa = PBXBuildFile; fileRef = DF779EB0216342FC00A5D1AD /* AgentDrawerViewController.swift */; };
		DFB1A1AB2162A4DA00D21BC4 /* AgentViewController.swift in Sources */ = {isa = PBXBuildFile; fileRef = DFB1A1AA2162A4DA00D21BC4 /* AgentViewController.swift */; };
		DFC2ED6E21622E8800CC109E /* MonitorDrawerViewController.swift in Sources */ = {isa = PBXBuildFile; fileRef = DFC2ED6D21622E8800CC109E /* MonitorDrawerViewController.swift */; };
		DFC2ED702162366900CC109E /* GoogleService-Info.plist in Resources */ = {isa = PBXBuildFile; fileRef = DFC2ED6F2162366900CC109E /* GoogleService-Info.plist */; };
		DFC2ED72216238C900CC109E /* LoginViewController.swift in Sources */ = {isa = PBXBuildFile; fileRef = DFC2ED71216238C900CC109E /* LoginViewController.swift */; };
/* End PBXBuildFile section */

/* Begin PBXContainerItemProxy section */
		DF3686FF216010DA0061456A /* PBXContainerItemProxy */ = {
			isa = PBXContainerItemProxy;
			containerPortal = DF3686DE216010D80061456A /* Project object */;
			proxyType = 1;
			remoteGlobalIDString = DF3686E5216010D80061456A;
			remoteInfo = SecureManager;
		};
		DF36870A216010DA0061456A /* PBXContainerItemProxy */ = {
			isa = PBXContainerItemProxy;
			containerPortal = DF3686DE216010D80061456A /* Project object */;
			proxyType = 1;
			remoteGlobalIDString = DF3686E5216010D80061456A;
			remoteInfo = SecureManager;
		};
/* End PBXContainerItemProxy section */

/* Begin PBXFileReference section */
		100B124704A0C02BA8E02DFE /* Pods_SecureManager.framework */ = {isa = PBXFileReference; explicitFileType = wrapper.framework; includeInIndex = 0; path = Pods_SecureManager.framework; sourceTree = BUILT_PRODUCTS_DIR; };
		255D1C3B198DB78711E6847F /* Pods-SecureManagerUITests.release.xcconfig */ = {isa = PBXFileReference; includeInIndex = 1; lastKnownFileType = text.xcconfig; name = "Pods-SecureManagerUITests.release.xcconfig"; path = "Pods/Target Support Files/Pods-SecureManagerUITests/Pods-SecureManagerUITests.release.xcconfig"; sourceTree = "<group>"; };
		3AC52CBF1D5A982D4C67F64C /* Pods-SecureManagerTests.debug.xcconfig */ = {isa = PBXFileReference; includeInIndex = 1; lastKnownFileType = text.xcconfig; name = "Pods-SecureManagerTests.debug.xcconfig"; path = "Pods/Target Support Files/Pods-SecureManagerTests/Pods-SecureManagerTests.debug.xcconfig"; sourceTree = "<group>"; };
		691C11203D6ABEC1ED188CDC /* Pods_SecureManagerUITests.framework */ = {isa = PBXFileReference; explicitFileType = wrapper.framework; includeInIndex = 0; path = Pods_SecureManagerUITests.framework; sourceTree = BUILT_PRODUCTS_DIR; };
		AA47C8A1DB9FBD747C8CCEE0 /* Pods-SecureManager.debug.xcconfig */ = {isa = PBXFileReference; includeInIndex = 1; lastKnownFileType = text.xcconfig; name = "Pods-SecureManager.debug.xcconfig"; path = "Pods/Target Support Files/Pods-SecureManager/Pods-SecureManager.debug.xcconfig"; sourceTree = "<group>"; };
		BCA37835597D3B77AB75BA9D /* Pods_SecureManagerTests.framework */ = {isa = PBXFileReference; explicitFileType = wrapper.framework; includeInIndex = 0; path = Pods_SecureManagerTests.framework; sourceTree = BUILT_PRODUCTS_DIR; };
		C7E74F097C18C1A787975DC1 /* Pods-SecureManager.release.xcconfig */ = {isa = PBXFileReference; includeInIndex = 1; lastKnownFileType = text.xcconfig; name = "Pods-SecureManager.release.xcconfig"; path = "Pods/Target Support Files/Pods-SecureManager/Pods-SecureManager.release.xcconfig"; sourceTree = "<group>"; };
		CC2C93CC201507C54CDC08EE /* Pods-SecureManagerUITests.debug.xcconfig */ = {isa = PBXFileReference; includeInIndex = 1; lastKnownFileType = text.xcconfig; name = "Pods-SecureManagerUITests.debug.xcconfig"; path = "Pods/Target Support Files/Pods-SecureManagerUITests/Pods-SecureManagerUITests.debug.xcconfig"; sourceTree = "<group>"; };
		CD847945FE156B8AD408E6BF /* Pods-SecureManagerTests.release.xcconfig */ = {isa = PBXFileReference; includeInIndex = 1; lastKnownFileType = text.xcconfig; name = "Pods-SecureManagerTests.release.xcconfig"; path = "Pods/Target Support Files/Pods-SecureManagerTests/Pods-SecureManagerTests.release.xcconfig"; sourceTree = "<group>"; };
		DF267DF2216403DF00F15137 /* MenuTableViewCell.swift */ = {isa = PBXFileReference; lastKnownFileType = sourcecode.swift; path = MenuTableViewCell.swift; sourceTree = "<group>"; };
		DF3686E6216010D80061456A /* SecureManager.app */ = {isa = PBXFileReference; explicitFileType = wrapper.application; includeInIndex = 0; path = SecureManager.app; sourceTree = BUILT_PRODUCTS_DIR; };
		DF3686E9216010D80061456A /* AppDelegate.swift */ = {isa = PBXFileReference; lastKnownFileType = sourcecode.swift; path = AppDelegate.swift; sourceTree = "<group>"; };
		DF3686F2216010D80061456A /* Base */ = {isa = PBXFileReference; lastKnownFileType = file.storyboard; name = Base; path = Base.lproj/Main.storyboard; sourceTree = "<group>"; };
		DF3686F4216010DA0061456A /* Assets.xcassets */ = {isa = PBXFileReference; lastKnownFileType = folder.assetcatalog; path = Assets.xcassets; sourceTree = "<group>"; };
		DF3686F7216010DA0061456A /* Base */ = {isa = PBXFileReference; lastKnownFileType = file.storyboard; name = Base; path = Base.lproj/LaunchScreen.storyboard; sourceTree = "<group>"; };
		DF3686F9216010DA0061456A /* Info.plist */ = {isa = PBXFileReference; lastKnownFileType = text.plist.xml; path = Info.plist; sourceTree = "<group>"; };
		DF3686FE216010DA0061456A /* SecureManagerTests.xctest */ = {isa = PBXFileReference; explicitFileType = wrapper.cfbundle; includeInIndex = 0; path = SecureManagerTests.xctest; sourceTree = BUILT_PRODUCTS_DIR; };
		DF368702216010DA0061456A /* SecureManagerTests.swift */ = {isa = PBXFileReference; lastKnownFileType = sourcecode.swift; path = SecureManagerTests.swift; sourceTree = "<group>"; };
		DF368704216010DA0061456A /* Info.plist */ = {isa = PBXFileReference; lastKnownFileType = text.plist.xml; path = Info.plist; sourceTree = "<group>"; };
		DF368709216010DA0061456A /* SecureManagerUITests.xctest */ = {isa = PBXFileReference; explicitFileType = wrapper.cfbundle; includeInIndex = 0; path = SecureManagerUITests.xctest; sourceTree = BUILT_PRODUCTS_DIR; };
		DF36870D216010DA0061456A /* SecureManagerUITests.swift */ = {isa = PBXFileReference; lastKnownFileType = sourcecode.swift; path = SecureManagerUITests.swift; sourceTree = "<group>"; };
		DF36870F216010DA0061456A /* Info.plist */ = {isa = PBXFileReference; lastKnownFileType = text.plist.xml; path = Info.plist; sourceTree = "<group>"; };
		DF7604C32167DB6500F8A5BA /* MonitorMapViewController.swift */ = {isa = PBXFileReference; lastKnownFileType = sourcecode.swift; path = MonitorMapViewController.swift; sourceTree = "<group>"; };
		DF7604C7216974BE00F8A5BA /* MonitorAgentsViewController.swift */ = {isa = PBXFileReference; lastKnownFileType = sourcecode.swift; path = MonitorAgentsViewController.swift; sourceTree = "<group>"; };
		DF7604CB216A5BC600F8A5BA /* Agent.swift */ = {isa = PBXFileReference; lastKnownFileType = sourcecode.swift; path = Agent.swift; sourceTree = "<group>"; };
		DF7604CD216A60D500F8A5BA /* LatLng.swift */ = {isa = PBXFileReference; lastKnownFileType = sourcecode.swift; path = LatLng.swift; sourceTree = "<group>"; };
		DF7604CF216A627A00F8A5BA /* State.swift */ = {isa = PBXFileReference; lastKnownFileType = sourcecode.swift; path = State.swift; sourceTree = "<group>"; };
		DF7604D1216AB49F00F8A5BA /* Agents.swift */ = {isa = PBXFileReference; lastKnownFileType = sourcecode.swift; path = Agents.swift; sourceTree = "<group>"; };
		DF7604D5216AE73F00F8A5BA /* AgentDetailsTableViewCells.swift */ = {isa = PBXFileReference; lastKnownFileType = sourcecode.swift; path = AgentDetailsTableViewCells.swift; sourceTree = "<group>"; };
		DF7604D9216AE7CB00F8A5BA /* AgentMediaCollectionViewCell.swift */ = {isa = PBXFileReference; lastKnownFileType = sourcecode.swift; path = AgentMediaCollectionViewCell.swift; sourceTree = "<group>"; };
		DF7604DD216AF69C00F8A5BA /* AgentMediaTableViewCell.swift */ = {isa = PBXFileReference; lastKnownFileType = sourcecode.swift; path = AgentMediaTableViewCell.swift; sourceTree = "<group>"; };
		DF779EB0216342FC00A5D1AD /* AgentDrawerViewController.swift */ = {isa = PBXFileReference; lastKnownFileType = sourcecode.swift; path = AgentDrawerViewController.swift; sourceTree = "<group>"; };
		DFB1A1AA2162A4DA00D21BC4 /* AgentViewController.swift */ = {isa = PBXFileReference; fileEncoding = 4; lastKnownFileType = sourcecode.swift; path = AgentViewController.swift; sourceTree = "<group>"; };
		DFC2ED6D21622E8800CC109E /* MonitorDrawerViewController.swift */ = {isa = PBXFileReference; lastKnownFileType = sourcecode.swift; path = MonitorDrawerViewController.swift; sourceTree = "<group>"; };
		DFC2ED6F2162366900CC109E /* GoogleService-Info.plist */ = {isa = PBXFileReference; fileEncoding = 4; lastKnownFileType = text.plist.xml; name = "GoogleService-Info.plist"; path = "../../../Downloads/GoogleService-Info.plist"; sourceTree = "<group>"; };
		DFC2ED71216238C900CC109E /* LoginViewController.swift */ = {isa = PBXFileReference; lastKnownFileType = sourcecode.swift; path = LoginViewController.swift; sourceTree = "<group>"; };
/* End PBXFileReference section */

/* Begin PBXFrameworksBuildPhase section */
		DF3686E3216010D80061456A /* Frameworks */ = {
			isa = PBXFrameworksBuildPhase;
			buildActionMask = 2147483647;
			files = (
				70F4B681E07A0F998D7476D6 /* Pods_SecureManager.framework in Frameworks */,
			);
			runOnlyForDeploymentPostprocessing = 0;
		};
		DF3686FB216010DA0061456A /* Frameworks */ = {
			isa = PBXFrameworksBuildPhase;
			buildActionMask = 2147483647;
			files = (
				B59535F02E42E48698290D4A /* Pods_SecureManagerTests.framework in Frameworks */,
			);
			runOnlyForDeploymentPostprocessing = 0;
		};
		DF368706216010DA0061456A /* Frameworks */ = {
			isa = PBXFrameworksBuildPhase;
			buildActionMask = 2147483647;
			files = (
				764C8DB5B263A346CA660435 /* Pods_SecureManagerUITests.framework in Frameworks */,
			);
			runOnlyForDeploymentPostprocessing = 0;
		};
/* End PBXFrameworksBuildPhase section */

/* Begin PBXGroup section */
		15A3DAAC566052BBA2538142 /* Pods */ = {
			isa = PBXGroup;
			children = (
				AA47C8A1DB9FBD747C8CCEE0 /* Pods-SecureManager.debug.xcconfig */,
				C7E74F097C18C1A787975DC1 /* Pods-SecureManager.release.xcconfig */,
				3AC52CBF1D5A982D4C67F64C /* Pods-SecureManagerTests.debug.xcconfig */,
				CD847945FE156B8AD408E6BF /* Pods-SecureManagerTests.release.xcconfig */,
				CC2C93CC201507C54CDC08EE /* Pods-SecureManagerUITests.debug.xcconfig */,
				255D1C3B198DB78711E6847F /* Pods-SecureManagerUITests.release.xcconfig */,
			);
			name = Pods;
			sourceTree = "<group>";
		};
		9B549FB3D27A11021B796A91 /* Frameworks */ = {
			isa = PBXGroup;
			children = (
				100B124704A0C02BA8E02DFE /* Pods_SecureManager.framework */,
				BCA37835597D3B77AB75BA9D /* Pods_SecureManagerTests.framework */,
				691C11203D6ABEC1ED188CDC /* Pods_SecureManagerUITests.framework */,
			);
			name = Frameworks;
			sourceTree = "<group>";
		};
		DF3686DD216010D80061456A = {
			isa = PBXGroup;
			children = (
				DF3686E8216010D80061456A /* SecureManager */,
				DF368701216010DA0061456A /* SecureManagerTests */,
				DF36870C216010DA0061456A /* SecureManagerUITests */,
				DF3686E7216010D80061456A /* Products */,
				15A3DAAC566052BBA2538142 /* Pods */,
				9B549FB3D27A11021B796A91 /* Frameworks */,
			);
			sourceTree = "<group>";
		};
		DF3686E7216010D80061456A /* Products */ = {
			isa = PBXGroup;
			children = (
				DF3686E6216010D80061456A /* SecureManager.app */,
				DF3686FE216010DA0061456A /* SecureManagerTests.xctest */,
				DF368709216010DA0061456A /* SecureManagerUITests.xctest */,
			);
			name = Products;
			sourceTree = "<group>";
		};
		DF3686E8216010D80061456A /* SecureManager */ = {
			isa = PBXGroup;
			children = (
				DF3686F4216010DA0061456A /* Assets.xcassets */,
				DFC2ED6F2162366900CC109E /* GoogleService-Info.plist */,
				DF3686F9216010DA0061456A /* Info.plist */,
				DF3686E9216010D80061456A /* AppDelegate.swift */,
				DF3686F1216010D80061456A /* Main.storyboard */,
				DF3686F6216010DA0061456A /* LaunchScreen.storyboard */,
				DFC2ED71216238C900CC109E /* LoginViewController.swift */,
				DFB1A1AA2162A4DA00D21BC4 /* AgentViewController.swift */,
				DF779EB0216342FC00A5D1AD /* AgentDrawerViewController.swift */,
				DF7604C32167DB6500F8A5BA /* MonitorMapViewController.swift */,
				DF7604C7216974BE00F8A5BA /* MonitorAgentsViewController.swift */,
				DF7604D5216AE73F00F8A5BA /* AgentDetailsTableViewCells.swift */,
				DF7604DD216AF69C00F8A5BA /* AgentMediaTableViewCell.swift */,
				DF7604D9216AE7CB00F8A5BA /* AgentMediaCollectionViewCell.swift */,
				DF7604CD216A60D500F8A5BA /* LatLng.swift */,
				DF7604CF216A627A00F8A5BA /* State.swift */,
				DF7604CB216A5BC600F8A5BA /* Agent.swift */,
				DF7604D1216AB49F00F8A5BA /* Agents.swift */,
				DFC2ED6D21622E8800CC109E /* MonitorDrawerViewController.swift */,
				DF267DF2216403DF00F15137 /* MenuTableViewCell.swift */,
			);
			path = SecureManager;
			sourceTree = "<group>";
		};
		DF368701216010DA0061456A /* SecureManagerTests */ = {
			isa = PBXGroup;
			children = (
				DF368702216010DA0061456A /* SecureManagerTests.swift */,
				DF368704216010DA0061456A /* Info.plist */,
			);
			path = SecureManagerTests;
			sourceTree = "<group>";
		};
		DF36870C216010DA0061456A /* SecureManagerUITests */ = {
			isa = PBXGroup;
			children = (
				DF36870D216010DA0061456A /* SecureManagerUITests.swift */,
				DF36870F216010DA0061456A /* Info.plist */,
			);
			path = SecureManagerUITests;
			sourceTree = "<group>";
		};
/* End PBXGroup section */

/* Begin PBXNativeTarget section */
		DF3686E5216010D80061456A /* SecureManager */ = {
			isa = PBXNativeTarget;
			buildConfigurationList = DF368712216010DA0061456A /* Build configuration list for PBXNativeTarget "SecureManager" */;
			buildPhases = (
				7669FF7C330AF3E9CF9781AF /* [CP] Check Pods Manifest.lock */,
				DF3686E2216010D80061456A /* Sources */,
				DF3686E3216010D80061456A /* Frameworks */,
				DF3686E4216010D80061456A /* Resources */,
				F59B13BA5C90C03A3359DB85 /* [CP] Embed Pods Frameworks */,
				E4AA7B4B776190813336D7C2 /* [CP] Copy Pods Resources */,
			);
			buildRules = (
			);
			dependencies = (
			);
			name = SecureManager;
			productName = SecureManager;
			productReference = DF3686E6216010D80061456A /* SecureManager.app */;
			productType = "com.apple.product-type.application";
		};
		DF3686FD216010DA0061456A /* SecureManagerTests */ = {
			isa = PBXNativeTarget;
			buildConfigurationList = DF368715216010DA0061456A /* Build configuration list for PBXNativeTarget "SecureManagerTests" */;
			buildPhases = (
				5509630B327F993E1C9DBC21 /* [CP] Check Pods Manifest.lock */,
				DF3686FA216010DA0061456A /* Sources */,
				DF3686FB216010DA0061456A /* Frameworks */,
				DF3686FC216010DA0061456A /* Resources */,
			);
			buildRules = (
			);
			dependencies = (
				DF368700216010DA0061456A /* PBXTargetDependency */,
			);
			name = SecureManagerTests;
			productName = SecureManagerTests;
			productReference = DF3686FE216010DA0061456A /* SecureManagerTests.xctest */;
			productType = "com.apple.product-type.bundle.unit-test";
		};
		DF368708216010DA0061456A /* SecureManagerUITests */ = {
			isa = PBXNativeTarget;
			buildConfigurationList = DF368718216010DA0061456A /* Build configuration list for PBXNativeTarget "SecureManagerUITests" */;
			buildPhases = (
				8029108425F8F552DB0A882E /* [CP] Check Pods Manifest.lock */,
				DF368705216010DA0061456A /* Sources */,
				DF368706216010DA0061456A /* Frameworks */,
				DF368707216010DA0061456A /* Resources */,
			);
			buildRules = (
			);
			dependencies = (
				DF36870B216010DA0061456A /* PBXTargetDependency */,
			);
			name = SecureManagerUITests;
			productName = SecureManagerUITests;
			productReference = DF368709216010DA0061456A /* SecureManagerUITests.xctest */;
			productType = "com.apple.product-type.bundle.ui-testing";
		};
/* End PBXNativeTarget section */

/* Begin PBXProject section */
		DF3686DE216010D80061456A /* Project object */ = {
			isa = PBXProject;
			attributes = {
				LastSwiftUpdateCheck = 1000;
				LastUpgradeCheck = 1000;
				ORGANIZATIONNAME = Fabio;
				TargetAttributes = {
					DF3686E5216010D80061456A = {
						CreatedOnToolsVersion = 10.0;
					};
					DF3686FD216010DA0061456A = {
						CreatedOnToolsVersion = 10.0;
						TestTargetID = DF3686E5216010D80061456A;
					};
					DF368708216010DA0061456A = {
						CreatedOnToolsVersion = 10.0;
						TestTargetID = DF3686E5216010D80061456A;
					};
				};
			};
			buildConfigurationList = DF3686E1216010D80061456A /* Build configuration list for PBXProject "SecureManager" */;
			compatibilityVersion = "Xcode 9.3";
			developmentRegion = en;
			hasScannedForEncodings = 0;
			knownRegions = (
				en,
				Base,
			);
			mainGroup = DF3686DD216010D80061456A;
			productRefGroup = DF3686E7216010D80061456A /* Products */;
			projectDirPath = "";
			projectRoot = "";
			targets = (
				DF3686E5216010D80061456A /* SecureManager */,
				DF3686FD216010DA0061456A /* SecureManagerTests */,
				DF368708216010DA0061456A /* SecureManagerUITests */,
			);
		};
/* End PBXProject section */

/* Begin PBXResourcesBuildPhase section */
		DF3686E4216010D80061456A /* Resources */ = {
			isa = PBXResourcesBuildPhase;
			buildActionMask = 2147483647;
			files = (
				DFC2ED702162366900CC109E /* GoogleService-Info.plist in Resources */,
				DF3686F8216010DA0061456A /* LaunchScreen.storyboard in Resources */,
				DF3686F5216010DA0061456A /* Assets.xcassets in Resources */,
				DF3686F3216010D80061456A /* Main.storyboard in Resources */,
			);
			runOnlyForDeploymentPostprocessing = 0;
		};
		DF3686FC216010DA0061456A /* Resources */ = {
			isa = PBXResourcesBuildPhase;
			buildActionMask = 2147483647;
			files = (
			);
			runOnlyForDeploymentPostprocessing = 0;
		};
		DF368707216010DA0061456A /* Resources */ = {
			isa = PBXResourcesBuildPhase;
			buildActionMask = 2147483647;
			files = (
			);
			runOnlyForDeploymentPostprocessing = 0;
		};
/* End PBXResourcesBuildPhase section */

/* Begin PBXShellScriptBuildPhase section */
		5509630B327F993E1C9DBC21 /* [CP] Check Pods Manifest.lock */ = {
			isa = PBXShellScriptBuildPhase;
			buildActionMask = 2147483647;
			files = (
			);
			inputFileListPaths = (
			);
			inputPaths = (
				"${PODS_PODFILE_DIR_PATH}/Podfile.lock",
				"${PODS_ROOT}/Manifest.lock",
			);
			name = "[CP] Check Pods Manifest.lock";
			outputFileListPaths = (
			);
			outputPaths = (
				"$(DERIVED_FILE_DIR)/Pods-SecureManagerTests-checkManifestLockResult.txt",
			);
			runOnlyForDeploymentPostprocessing = 0;
			shellPath = /bin/sh;
			shellScript = "diff \"${PODS_PODFILE_DIR_PATH}/Podfile.lock\" \"${PODS_ROOT}/Manifest.lock\" > /dev/null\nif [ $? != 0 ] ; then\n    # print error to STDERR\n    echo \"error: The sandbox is not in sync with the Podfile.lock. Run 'pod install' or update your CocoaPods installation.\" >&2\n    exit 1\nfi\n# This output is used by Xcode 'outputs' to avoid re-running this script phase.\necho \"SUCCESS\" > \"${SCRIPT_OUTPUT_FILE_0}\"\n";
			showEnvVarsInLog = 0;
		};
		7669FF7C330AF3E9CF9781AF /* [CP] Check Pods Manifest.lock */ = {
			isa = PBXShellScriptBuildPhase;
			buildActionMask = 2147483647;
			files = (
			);
			inputFileListPaths = (
			);
			inputPaths = (
				"${PODS_PODFILE_DIR_PATH}/Podfile.lock",
				"${PODS_ROOT}/Manifest.lock",
			);
			name = "[CP] Check Pods Manifest.lock";
			outputFileListPaths = (
			);
			outputPaths = (
				"$(DERIVED_FILE_DIR)/Pods-SecureManager-checkManifestLockResult.txt",
			);
			runOnlyForDeploymentPostprocessing = 0;
			shellPath = /bin/sh;
			shellScript = "diff \"${PODS_PODFILE_DIR_PATH}/Podfile.lock\" \"${PODS_ROOT}/Manifest.lock\" > /dev/null\nif [ $? != 0 ] ; then\n    # print error to STDERR\n    echo \"error: The sandbox is not in sync with the Podfile.lock. Run 'pod install' or update your CocoaPods installation.\" >&2\n    exit 1\nfi\n# This output is used by Xcode 'outputs' to avoid re-running this script phase.\necho \"SUCCESS\" > \"${SCRIPT_OUTPUT_FILE_0}\"\n";
			showEnvVarsInLog = 0;
		};
		8029108425F8F552DB0A882E /* [CP] Check Pods Manifest.lock */ = {
			isa = PBXShellScriptBuildPhase;
			buildActionMask = 2147483647;
			files = (
			);
			inputFileListPaths = (
			);
			inputPaths = (
				"${PODS_PODFILE_DIR_PATH}/Podfile.lock",
				"${PODS_ROOT}/Manifest.lock",
			);
			name = "[CP] Check Pods Manifest.lock";
			outputFileListPaths = (
			);
			outputPaths = (
				"$(DERIVED_FILE_DIR)/Pods-SecureManagerUITests-checkManifestLockResult.txt",
			);
			runOnlyForDeploymentPostprocessing = 0;
			shellPath = /bin/sh;
			shellScript = "diff \"${PODS_PODFILE_DIR_PATH}/Podfile.lock\" \"${PODS_ROOT}/Manifest.lock\" > /dev/null\nif [ $? != 0 ] ; then\n    # print error to STDERR\n    echo \"error: The sandbox is not in sync with the Podfile.lock. Run 'pod install' or update your CocoaPods installation.\" >&2\n    exit 1\nfi\n# This output is used by Xcode 'outputs' to avoid re-running this script phase.\necho \"SUCCESS\" > \"${SCRIPT_OUTPUT_FILE_0}\"\n";
			showEnvVarsInLog = 0;
		};
		E4AA7B4B776190813336D7C2 /* [CP] Copy Pods Resources */ = {
			isa = PBXShellScriptBuildPhase;
			buildActionMask = 2147483647;
			files = (
			);
			inputFileListPaths = (
			);
			inputPaths = (
				"${SRCROOT}/Pods/Target Support Files/Pods-SecureManager/Pods-SecureManager-resources.sh",
				"${PODS_CONFIGURATION_BUILD_DIR}/FirebaseUI/FirebaseAuthUI.bundle",
				"${PODS_ROOT}/GoogleMaps/Maps/Frameworks/GoogleMaps.framework/Resources/GoogleMaps.bundle",
				"${PODS_ROOT}/GooglePlaces/Frameworks/GooglePlaces.framework/Resources/GooglePlaces.bundle",
			);
			name = "[CP] Copy Pods Resources";
			outputFileListPaths = (
			);
			outputPaths = (
				"${TARGET_BUILD_DIR}/${UNLOCALIZED_RESOURCES_FOLDER_PATH}/FirebaseAuthUI.bundle",
				"${TARGET_BUILD_DIR}/${UNLOCALIZED_RESOURCES_FOLDER_PATH}/GoogleMaps.bundle",
				"${TARGET_BUILD_DIR}/${UNLOCALIZED_RESOURCES_FOLDER_PATH}/GooglePlaces.bundle",
			);
			runOnlyForDeploymentPostprocessing = 0;
			shellPath = /bin/sh;
			shellScript = "\"${SRCROOT}/Pods/Target Support Files/Pods-SecureManager/Pods-SecureManager-resources.sh\"\n";
			showEnvVarsInLog = 0;
		};
		F59B13BA5C90C03A3359DB85 /* [CP] Embed Pods Frameworks */ = {
			isa = PBXShellScriptBuildPhase;
			buildActionMask = 2147483647;
			files = (
			);
			inputFileListPaths = (
			);
			inputPaths = (
				"${SRCROOT}/Pods/Target Support Files/Pods-SecureManager/Pods-SecureManager-frameworks.sh",
				"${BUILT_PRODUCTS_DIR}/GTMSessionFetcher/GTMSessionFetcher.framework",
				"${BUILT_PRODUCTS_DIR}/GoogleUtilities/GoogleUtilities.framework",
				"${BUILT_PRODUCTS_DIR}/SDWebImage/SDWebImage.framework",
				"${BUILT_PRODUCTS_DIR}/leveldb-library/leveldb.framework",
				"${BUILT_PRODUCTS_DIR}/nanopb/nanopb.framework",
			);
			name = "[CP] Embed Pods Frameworks";
			outputFileListPaths = (
			);
			outputPaths = (
				"${TARGET_BUILD_DIR}/${FRAMEWORKS_FOLDER_PATH}/GTMSessionFetcher.framework",
				"${TARGET_BUILD_DIR}/${FRAMEWORKS_FOLDER_PATH}/GoogleUtilities.framework",
				"${TARGET_BUILD_DIR}/${FRAMEWORKS_FOLDER_PATH}/SDWebImage.framework",
				"${TARGET_BUILD_DIR}/${FRAMEWORKS_FOLDER_PATH}/leveldb.framework",
				"${TARGET_BUILD_DIR}/${FRAMEWORKS_FOLDER_PATH}/nanopb.framework",
			);
			runOnlyForDeploymentPostprocessing = 0;
			shellPath = /bin/sh;
			shellScript = "\"${SRCROOT}/Pods/Target Support Files/Pods-SecureManager/Pods-SecureManager-frameworks.sh\"\n";
			showEnvVarsInLog = 0;
		};
/* End PBXShellScriptBuildPhase section */

/* Begin PBXSourcesBuildPhase section */
		DF3686E2216010D80061456A /* Sources */ = {
			isa = PBXSourcesBuildPhase;
			buildActionMask = 2147483647;
			files = (
				DFC2ED72216238C900CC109E /* LoginViewController.swift in Sources */,
				DF7604C8216974BE00F8A5BA /* MonitorAgentsViewController.swift in Sources */,
				DFB1A1AB2162A4DA00D21BC4 /* AgentViewController.swift in Sources */,
				DF267DF3216403DF00F15137 /* MenuTableViewCell.swift in Sources */,
				DF779EB1216342FC00A5D1AD /* AgentDrawerViewController.swift in Sources */,
				DF7604D0216A627A00F8A5BA /* State.swift in Sources */,
				DF7604D6216AE73F00F8A5BA /* AgentDetailsTableViewCells.swift in Sources */,
				DF7604C42167DB6500F8A5BA /* MonitorMapViewController.swift in Sources */,
				DF7604D2216AB49F00F8A5BA /* Agents.swift in Sources */,
				DF7604DE216AF69C00F8A5BA /* AgentMediaTableViewCell.swift in Sources */,
				DF7604CC216A5BC600F8A5BA /* Agent.swift in Sources */,
				DF7604CE216A60D500F8A5BA /* LatLng.swift in Sources */,
				DFC2ED6E21622E8800CC109E /* MonitorDrawerViewController.swift in Sources */,
				DF3686EA216010D80061456A /* AppDelegate.swift in Sources */,
				DF7604DA216AE7CB00F8A5BA /* AgentMediaCollectionViewCell.swift in Sources */,
			);
			runOnlyForDeploymentPostprocessing = 0;
		};
		DF3686FA216010DA0061456A /* Sources */ = {
			isa = PBXSourcesBuildPhase;
			buildActionMask = 2147483647;
			files = (
				DF368703216010DA0061456A /* SecureManagerTests.swift in Sources */,
			);
			runOnlyForDeploymentPostprocessing = 0;
		};
		DF368705216010DA0061456A /* Sources */ = {
			isa = PBXSourcesBuildPhase;
			buildActionMask = 2147483647;
			files = (
				DF36870E216010DA0061456A /* SecureManagerUITests.swift in Sources */,
			);
			runOnlyForDeploymentPostprocessing = 0;
		};
/* End PBXSourcesBuildPhase section */

/* Begin PBXTargetDependency section */
		DF368700216010DA0061456A /* PBXTargetDependency */ = {
			isa = PBXTargetDependency;
			target = DF3686E5216010D80061456A /* SecureManager */;
			targetProxy = DF3686FF216010DA0061456A /* PBXContainerItemProxy */;
		};
		DF36870B216010DA0061456A /* PBXTargetDependency */ = {
			isa = PBXTargetDependency;
			target = DF3686E5216010D80061456A /* SecureManager */;
			targetProxy = DF36870A216010DA0061456A /* PBXContainerItemProxy */;
		};
/* End PBXTargetDependency section */

/* Begin PBXVariantGroup section */
		DF3686F1216010D80061456A /* Main.storyboard */ = {
			isa = PBXVariantGroup;
			children = (
				DF3686F2216010D80061456A /* Base */,
			);
			name = Main.storyboard;
			sourceTree = "<group>";
		};
		DF3686F6216010DA0061456A /* LaunchScreen.storyboard */ = {
			isa = PBXVariantGroup;
			children = (
				DF3686F7216010DA0061456A /* Base */,
			);
			name = LaunchScreen.storyboard;
			sourceTree = "<group>";
		};
/* End PBXVariantGroup section */

/* Begin XCBuildConfiguration section */
		DF368710216010DA0061456A /* Debug */ = {
			isa = XCBuildConfiguration;
			buildSettings = {
				ALWAYS_SEARCH_USER_PATHS = NO;
				CLANG_ANALYZER_NONNULL = YES;
				CLANG_ANALYZER_NUMBER_OBJECT_CONVERSION = YES_AGGRESSIVE;
				CLANG_CXX_LANGUAGE_STANDARD = "gnu++14";
				CLANG_CXX_LIBRARY = "libc++";
				CLANG_ENABLE_MODULES = YES;
				CLANG_ENABLE_OBJC_ARC = YES;
				CLANG_ENABLE_OBJC_WEAK = YES;
				CLANG_WARN_BLOCK_CAPTURE_AUTORELEASING = YES;
				CLANG_WARN_BOOL_CONVERSION = YES;
				CLANG_WARN_COMMA = YES;
				CLANG_WARN_CONSTANT_CONVERSION = YES;
				CLANG_WARN_DEPRECATED_OBJC_IMPLEMENTATIONS = YES;
				CLANG_WARN_DIRECT_OBJC_ISA_USAGE = YES_ERROR;
				CLANG_WARN_DOCUMENTATION_COMMENTS = YES;
				CLANG_WARN_EMPTY_BODY = YES;
				CLANG_WARN_ENUM_CONVERSION = YES;
				CLANG_WARN_INFINITE_RECURSION = YES;
				CLANG_WARN_INT_CONVERSION = YES;
				CLANG_WARN_NON_LITERAL_NULL_CONVERSION = YES;
				CLANG_WARN_OBJC_IMPLICIT_RETAIN_SELF = YES;
				CLANG_WARN_OBJC_LITERAL_CONVERSION = YES;
				CLANG_WARN_OBJC_ROOT_CLASS = YES_ERROR;
				CLANG_WARN_RANGE_LOOP_ANALYSIS = YES;
				CLANG_WARN_STRICT_PROTOTYPES = YES;
				CLANG_WARN_SUSPICIOUS_MOVE = YES;
				CLANG_WARN_UNGUARDED_AVAILABILITY = YES_AGGRESSIVE;
				CLANG_WARN_UNREACHABLE_CODE = YES;
				CLANG_WARN__DUPLICATE_METHOD_MATCH = YES;
				CODE_SIGN_IDENTITY = "iPhone Developer";
				COPY_PHASE_STRIP = NO;
				DEBUG_INFORMATION_FORMAT = dwarf;
				ENABLE_STRICT_OBJC_MSGSEND = YES;
				ENABLE_TESTABILITY = YES;
				GCC_C_LANGUAGE_STANDARD = gnu11;
				GCC_DYNAMIC_NO_PIC = NO;
				GCC_NO_COMMON_BLOCKS = YES;
				GCC_OPTIMIZATION_LEVEL = 0;
				GCC_PREPROCESSOR_DEFINITIONS = (
					"DEBUG=1",
					"$(inherited)",
				);
				GCC_WARN_64_TO_32_BIT_CONVERSION = YES;
				GCC_WARN_ABOUT_RETURN_TYPE = YES_ERROR;
				GCC_WARN_UNDECLARED_SELECTOR = YES;
				GCC_WARN_UNINITIALIZED_AUTOS = YES_AGGRESSIVE;
				GCC_WARN_UNUSED_FUNCTION = YES;
				GCC_WARN_UNUSED_VARIABLE = YES;
				IPHONEOS_DEPLOYMENT_TARGET = 12.0;
				MTL_ENABLE_DEBUG_INFO = INCLUDE_SOURCE;
				MTL_FAST_MATH = YES;
				ONLY_ACTIVE_ARCH = YES;
				SDKROOT = iphoneos;
				SWIFT_ACTIVE_COMPILATION_CONDITIONS = DEBUG;
				SWIFT_OPTIMIZATION_LEVEL = "-Onone";
			};
			name = Debug;
		};
		DF368711216010DA0061456A /* Release */ = {
			isa = XCBuildConfiguration;
			buildSettings = {
				ALWAYS_SEARCH_USER_PATHS = NO;
				CLANG_ANALYZER_NONNULL = YES;
				CLANG_ANALYZER_NUMBER_OBJECT_CONVERSION = YES_AGGRESSIVE;
				CLANG_CXX_LANGUAGE_STANDARD = "gnu++14";
				CLANG_CXX_LIBRARY = "libc++";
				CLANG_ENABLE_MODULES = YES;
				CLANG_ENABLE_OBJC_ARC = YES;
				CLANG_ENABLE_OBJC_WEAK = YES;
				CLANG_WARN_BLOCK_CAPTURE_AUTORELEASING = YES;
				CLANG_WARN_BOOL_CONVERSION = YES;
				CLANG_WARN_COMMA = YES;
				CLANG_WARN_CONSTANT_CONVERSION = YES;
				CLANG_WARN_DEPRECATED_OBJC_IMPLEMENTATIONS = YES;
				CLANG_WARN_DIRECT_OBJC_ISA_USAGE = YES_ERROR;
				CLANG_WARN_DOCUMENTATION_COMMENTS = YES;
				CLANG_WARN_EMPTY_BODY = YES;
				CLANG_WARN_ENUM_CONVERSION = YES;
				CLANG_WARN_INFINITE_RECURSION = YES;
				CLANG_WARN_INT_CONVERSION = YES;
				CLANG_WARN_NON_LITERAL_NULL_CONVERSION = YES;
				CLANG_WARN_OBJC_IMPLICIT_RETAIN_SELF = YES;
				CLANG_WARN_OBJC_LITERAL_CONVERSION = YES;
				CLANG_WARN_OBJC_ROOT_CLASS = YES_ERROR;
				CLANG_WARN_RANGE_LOOP_ANALYSIS = YES;
				CLANG_WARN_STRICT_PROTOTYPES = YES;
				CLANG_WARN_SUSPICIOUS_MOVE = YES;
				CLANG_WARN_UNGUARDED_AVAILABILITY = YES_AGGRESSIVE;
				CLANG_WARN_UNREACHABLE_CODE = YES;
				CLANG_WARN__DUPLICATE_METHOD_MATCH = YES;
				CODE_SIGN_IDENTITY = "iPhone Developer";
				COPY_PHASE_STRIP = NO;
				DEBUG_INFORMATION_FORMAT = "dwarf-with-dsym";
				ENABLE_NS_ASSERTIONS = NO;
				ENABLE_STRICT_OBJC_MSGSEND = YES;
				GCC_C_LANGUAGE_STANDARD = gnu11;
				GCC_NO_COMMON_BLOCKS = YES;
				GCC_WARN_64_TO_32_BIT_CONVERSION = YES;
				GCC_WARN_ABOUT_RETURN_TYPE = YES_ERROR;
				GCC_WARN_UNDECLARED_SELECTOR = YES;
				GCC_WARN_UNINITIALIZED_AUTOS = YES_AGGRESSIVE;
				GCC_WARN_UNUSED_FUNCTION = YES;
				GCC_WARN_UNUSED_VARIABLE = YES;
				IPHONEOS_DEPLOYMENT_TARGET = 12.0;
				MTL_ENABLE_DEBUG_INFO = NO;
				MTL_FAST_MATH = YES;
				SDKROOT = iphoneos;
				SWIFT_COMPILATION_MODE = wholemodule;
				SWIFT_OPTIMIZATION_LEVEL = "-O";
				VALIDATE_PRODUCT = YES;
			};
			name = Release;
		};
		DF368713216010DA0061456A /* Debug */ = {
			isa = XCBuildConfiguration;
			baseConfigurationReference = AA47C8A1DB9FBD747C8CCEE0 /* Pods-SecureManager.debug.xcconfig */;
			buildSettings = {
				ASSETCATALOG_COMPILER_APPICON_NAME = AppIcon;
				CODE_SIGN_IDENTITY = "iPhone Developer";
				CODE_SIGN_STYLE = Manual;
				DEVELOPMENT_TEAM = PHQ37KZRYM;
				INFOPLIST_FILE = SecureManager/Info.plist;
				IPHONEOS_DEPLOYMENT_TARGET = 11.4;
				LD_RUNPATH_SEARCH_PATHS = (
					"$(inherited)",
					"@executable_path/Frameworks",
				);
				PRODUCT_BUNDLE_IDENTIFIER = fabiorodrigues.SecureManager;
				PRODUCT_NAME = "$(TARGET_NAME)";
				PROVISIONING_PROFILE_SPECIFIER = CM2018;
				SWIFT_VERSION = 4.2;
				TARGETED_DEVICE_FAMILY = "1,2";
			};
			name = Debug;
		};
		DF368714216010DA0061456A /* Release */ = {
			isa = XCBuildConfiguration;
			baseConfigurationReference = C7E74F097C18C1A787975DC1 /* Pods-SecureManager.release.xcconfig */;
			buildSettings = {
				ASSETCATALOG_COMPILER_APPICON_NAME = AppIcon;
				CODE_SIGN_IDENTITY = "iPhone Developer";
				CODE_SIGN_STYLE = Manual;
				DEVELOPMENT_TEAM = PHQ37KZRYM;
				INFOPLIST_FILE = SecureManager/Info.plist;
				IPHONEOS_DEPLOYMENT_TARGET = 11.4;
				LD_RUNPATH_SEARCH_PATHS = (
					"$(inherited)",
					"@executable_path/Frameworks",
				);
				PRODUCT_BUNDLE_IDENTIFIER = fabiorodrigues.SecureManager;
				PRODUCT_NAME = "$(TARGET_NAME)";
				PROVISIONING_PROFILE_SPECIFIER = CM2018;
				SWIFT_VERSION = 4.2;
				TARGETED_DEVICE_FAMILY = "1,2";
			};
			name = Release;
		};
		DF368716216010DA0061456A /* Debug */ = {
			isa = XCBuildConfiguration;
			baseConfigurationReference = 3AC52CBF1D5A982D4C67F64C /* Pods-SecureManagerTests.debug.xcconfig */;
			buildSettings = {
				ALWAYS_EMBED_SWIFT_STANDARD_LIBRARIES = YES;
				BUNDLE_LOADER = "$(TEST_HOST)";
				CODE_SIGN_STYLE = Automatic;
				DEVELOPMENT_TEAM = PHQ37KZRYM;
				INFOPLIST_FILE = SecureManagerTests/Info.plist;
				LD_RUNPATH_SEARCH_PATHS = (
					"$(inherited)",
					"@executable_path/Frameworks",
					"@loader_path/Frameworks",
				);
				PRODUCT_BUNDLE_IDENTIFIER = fabiorodrigues.SecureManagerTests;
				PRODUCT_NAME = "$(TARGET_NAME)";
				SWIFT_VERSION = 4.2;
				TARGETED_DEVICE_FAMILY = "1,2";
				TEST_HOST = "$(BUILT_PRODUCTS_DIR)/SecureManager.app/SecureManager";
			};
			name = Debug;
		};
		DF368717216010DA0061456A /* Release */ = {
			isa = XCBuildConfiguration;
			baseConfigurationReference = CD847945FE156B8AD408E6BF /* Pods-SecureManagerTests.release.xcconfig */;
			buildSettings = {
				ALWAYS_EMBED_SWIFT_STANDARD_LIBRARIES = YES;
				BUNDLE_LOADER = "$(TEST_HOST)";
				CODE_SIGN_STYLE = Automatic;
				DEVELOPMENT_TEAM = PHQ37KZRYM;
				INFOPLIST_FILE = SecureManagerTests/Info.plist;
				LD_RUNPATH_SEARCH_PATHS = (
					"$(inherited)",
					"@executable_path/Frameworks",
					"@loader_path/Frameworks",
				);
				PRODUCT_BUNDLE_IDENTIFIER = fabiorodrigues.SecureManagerTests;
				PRODUCT_NAME = "$(TARGET_NAME)";
				SWIFT_VERSION = 4.2;
				TARGETED_DEVICE_FAMILY = "1,2";
				TEST_HOST = "$(BUILT_PRODUCTS_DIR)/SecureManager.app/SecureManager";
			};
			name = Release;
		};
		DF368719216010DA0061456A /* Debug */ = {
			isa = XCBuildConfiguration;
			baseConfigurationReference = CC2C93CC201507C54CDC08EE /* Pods-SecureManagerUITests.debug.xcconfig */;
			buildSettings = {
				ALWAYS_EMBED_SWIFT_STANDARD_LIBRARIES = YES;
				CODE_SIGN_STYLE = Automatic;
				DEVELOPMENT_TEAM = PHQ37KZRYM;
				INFOPLIST_FILE = SecureManagerUITests/Info.plist;
				LD_RUNPATH_SEARCH_PATHS = (
					"$(inherited)",
					"@executable_path/Frameworks",
					"@loader_path/Frameworks",
				);
				PRODUCT_BUNDLE_IDENTIFIER = fabiorodrigues.SecureManagerUITests;
				PRODUCT_NAME = "$(TARGET_NAME)";
				SWIFT_VERSION = 4.2;
				TARGETED_DEVICE_FAMILY = "1,2";
				TEST_TARGET_NAME = SecureManager;
			};
			name = Debug;
		};
		DF36871A216010DA0061456A /* Release */ = {
			isa = XCBuildConfiguration;
			baseConfigurationReference = 255D1C3B198DB78711E6847F /* Pods-SecureManagerUITests.release.xcconfig */;
			buildSettings = {
				ALWAYS_EMBED_SWIFT_STANDARD_LIBRARIES = YES;
				CODE_SIGN_STYLE = Automatic;
				DEVELOPMENT_TEAM = PHQ37KZRYM;
				INFOPLIST_FILE = SecureManagerUITests/Info.plist;
				LD_RUNPATH_SEARCH_PATHS = (
					"$(inherited)",
					"@executable_path/Frameworks",
					"@loader_path/Frameworks",
				);
				PRODUCT_BUNDLE_IDENTIFIER = fabiorodrigues.SecureManagerUITests;
				PRODUCT_NAME = "$(TARGET_NAME)";
				SWIFT_VERSION = 4.2;
				TARGETED_DEVICE_FAMILY = "1,2";
				TEST_TARGET_NAME = SecureManager;
			};
			name = Release;
		};
/* End XCBuildConfiguration section */

/* Begin XCConfigurationList section */
		DF3686E1216010D80061456A /* Build configuration list for PBXProject "SecureManager" */ = {
			isa = XCConfigurationList;
			buildConfigurations = (
				DF368710216010DA0061456A /* Debug */,
				DF368711216010DA0061456A /* Release */,
			);
			defaultConfigurationIsVisible = 0;
			defaultConfigurationName = Release;
		};
		DF368712216010DA0061456A /* Build configuration list for PBXNativeTarget "SecureManager" */ = {
			isa = XCConfigurationList;
			buildConfigurations = (
				DF368713216010DA0061456A /* Debug */,
				DF368714216010DA0061456A /* Release */,
			);
			defaultConfigurationIsVisible = 0;
			defaultConfigurationName = Release;
		};
		DF368715216010DA0061456A /* Build configuration list for PBXNativeTarget "SecureManagerTests" */ = {
			isa = XCConfigurationList;
			buildConfigurations = (
				DF368716216010DA0061456A /* Debug */,
				DF368717216010DA0061456A /* Release */,
			);
			defaultConfigurationIsVisible = 0;
			defaultConfigurationName = Release;
		};
		DF368718216010DA0061456A /* Build configuration list for PBXNativeTarget "SecureManagerUITests" */ = {
			isa = XCConfigurationList;
			buildConfigurations = (
				DF368719216010DA0061456A /* Debug */,
				DF36871A216010DA0061456A /* Release */,
			);
			defaultConfigurationIsVisible = 0;
			defaultConfigurationName = Release;
		};
/* End XCConfigurationList section */
	};
	rootObject = DF3686DE216010D80061456A /* Project object */;
}
